
Microsoft Visual Studio Solution File, Format Version 12.00
# Visual Studio Version 17
VisualStudioVersion = 17.7.34221.43
MinimumVisualStudioVersion = 10.0.40219.1
Project("{9A19103F-16F7-4668-BE54-9A1E7A4F7556}") = "Whatever.Tests", "Whatever.Tests\Whatever.Tests.csproj", "{79CC5CCF-FBD1-4BDF-93F7-E88F97CE7C8E}"
EndProject
Project("{9A19103F-16F7-4668-BE54-9A1E7A4F7556}") = "Whatever.Interop.Tests", "Whatever.Interop.Tests\Whatever.Interop.Tests.csproj", "{AB3314C7-4340-40D2-8084-9A77C692AB64}"
EndProject
Project("{2150E333-8FDC-42A3-9474-1A3956D46DE8}") = "Solution Items", "Solution Items", "{EAC678D5-7005-4474-B874-06B68AB2E5F7}"
	ProjectSection(SolutionItems) = preProject
		.editorconfig = .editorconfig
		.gitignore = .gitignore
	EndProjectSection
EndProject
Project("{9A19103F-16F7-4668-BE54-9A1E7A4F7556}") = "Whatever", "Whatever\Whatever.csproj", "{F623A2A4-6619-40CE-AE43-BF0BFE798BD6}"
EndProject
Global
	GlobalSection(SolutionConfigurationPlatforms) = preSolution
		Debug|Any CPU = Debug|Any CPU
		Release|Any CPU = Release|Any CPU
	EndGlobalSection
	GlobalSection(ProjectConfigurationPlatforms) = postSolution
		{79CC5CCF-FBD1-4BDF-93F7-E88F97CE7C8E}.Debug|Any CPU.ActiveCfg = Debug|Any CPU
		{79CC5CCF-FBD1-4BDF-93F7-E88F97CE7C8E}.Debug|Any CPU.Build.0 = Debug|Any CPU
		{79CC5CCF-FBD1-4BDF-93F7-E88F97CE7C8E}.Release|Any CPU.ActiveCfg = Release|Any CPU
		{79CC5CCF-FBD1-4BDF-93F7-E88F97CE7C8E}.Release|Any CPU.Build.0 = Release|Any CPU
		{AB3314C7-4340-40D2-8084-9A77C692AB64}.Debug|Any CPU.ActiveCfg = Debug|Any CPU
		{AB3314C7-4340-40D2-8084-9A77C692AB64}.Debug|Any CPU.Build.0 = Debug|Any CPU
		{AB3314C7-4340-40D2-8084-9A77C692AB64}.Release|Any CPU.ActiveCfg = Release|Any CPU
		{AB3314C7-4340-40D2-8084-9A77C692AB64}.Release|Any CPU.Build.0 = Release|Any CPU
		{F623A2A4-6619-40CE-AE43-BF0BFE798BD6}.Debug|Any CPU.ActiveCfg = Debug|Any CPU
		{F623A2A4-6619-40CE-AE43-BF0BFE798BD6}.Debug|Any CPU.Build.0 = Debug|Any CPU
		{F623A2A4-6619-40CE-AE43-BF0BFE798BD6}.Release|Any CPU.ActiveCfg = Release|Any CPU
		{F623A2A4-6619-40CE-AE43-BF0BFE798BD6}.Release|Any CPU.Build.0 = Release|Any CPU
	EndGlobalSection
	GlobalSection(SolutionProperties) = preSolution
		HideSolutionNode = FALSE
	EndGlobalSection
	GlobalSection(ExtensibilityGlobals) = postSolution
		SolutionGuid = {5B84F7E2-FC62-4338-82C3-FE11FE30DD81}
	EndGlobalSection
EndGlobal
